
Microsoft Visual Studio Solution File, Format Version 12.00
Project("{FAE04EC0-301F-11D3-BF4B-00C04F79EFBC}") = "RuneRealm", "RuneRealm\RuneRealm.csproj", "{8527797A-2079-4F94-8DFA-210B692EBCBE}"
EndProject
Global
	GlobalSection(SolutionConfigurationPlatforms) = preSolution
		Debug|Any CPU = Debug|Any CPU
		Release|Any CPU = Release|Any CPU
	EndGlobalSection
	GlobalSection(ProjectConfigurationPlatforms) = postSolution
		{8527797A-2079-4F94-8DFA-210B692EBCBE}.Debug|Any CPU.ActiveCfg = Debug|Any CPU
		{8527797A-2079-4F94-8DFA-210B692EBCBE}.Debug|Any CPU.Build.0 = Debug|Any CPU
		{8527797A-2079-4F94-8DFA-210B692EBCBE}.Release|Any CPU.ActiveCfg = Release|Any CPU
		{8527797A-2079-4F94-8DFA-210B692EBCBE}.Release|Any CPU.Build.0 = Release|Any CPU
	EndGlobalSection
EndGlobal
